
Microsoft Visual Studio Solution File, Format Version 12.00
# Visual Studio Version 17
VisualStudioVersion = 17.11.35303.130
MinimumVisualStudioVersion = 10.0.40219.1
Project("{8BC9CEB8-8B4A-11D0-8D11-00A0C91BC942}") = "September19_2024-COSC2436", "September19_2024-COSC2436\September19_2024-COSC2436.vcxproj", "{0D1A599A-C863-4FD1-AD23-0126C3855093}"
EndProject
Project("{8BC9CEB8-8B4A-11D0-8D11-00A0C91BC942}") = "An interesting student submission of timing std-sort", "An interesting student submission of timing std-sort\An interesting student submission of timing std-sort.vcxproj", "{85DD4EFB-AC4B-40A4-AD77-FFC360C00000}"
EndProject
Project("{8BC9CEB8-8B4A-11D0-8D11-00A0C91BC942}") = "SimpleLambdaFunctionDemo", "SimpleLambdaFunctionDemo\SimpleLambdaFunctionDemo.vcxproj", "{533BCD82-0F92-4DFB-8FE6-C84D306EC06A}"
EndProject
Project("{8BC9CEB8-8B4A-11D0-8D11-00A0C91BC942}") = "OneStudentSubOfSortinClassObjects", "OneStudentSubOfSortinClassObjects\OneStudentSubOfSortinClassObjects.vcxproj", "{8BE274FA-B7E2-42B4-A265-0A96AFA4E5A4}"
EndProject
Project("{8BC9CEB8-8B4A-11D0-8D11-00A0C91BC942}") = "Topic1c-september24", "Topic1c-september24\Topic1c-september24.vcxproj", "{77D2B113-1231-4D58-AD0D-CEDF0298ABA7}"
EndProject
Project("{8BC9CEB8-8B4A-11D0-8D11-00A0C91BC942}") = "Sept24-part2", "Sept24-part2\Sept24-part2.vcxproj", "{6B30EF21-FF5F-458C-AA8A-B44351E9F8C8}"
EndProject
Global
	GlobalSection(SolutionConfigurationPlatforms) = preSolution
		Debug|x64 = Debug|x64
		Debug|x86 = Debug|x86
		Release|x64 = Release|x64
		Release|x86 = Release|x86
	EndGlobalSection
	GlobalSection(ProjectConfigurationPlatforms) = postSolution
		{0D1A599A-C863-4FD1-AD23-0126C3855093}.Debug|x64.ActiveCfg = Debug|x64
		{0D1A599A-C863-4FD1-AD23-0126C3855093}.Debug|x64.Build.0 = Debug|x64
		{0D1A599A-C863-4FD1-AD23-0126C3855093}.Debug|x86.ActiveCfg = Debug|Win32
		{0D1A599A-C863-4FD1-AD23-0126C3855093}.Debug|x86.Build.0 = Debug|Win32
		{0D1A599A-C863-4FD1-AD23-0126C3855093}.Release|x64.ActiveCfg = Release|x64
		{0D1A599A-C863-4FD1-AD23-0126C3855093}.Release|x64.Build.0 = Release|x64
		{0D1A599A-C863-4FD1-AD23-0126C3855093}.Release|x86.ActiveCfg = Release|Win32
		{0D1A599A-C863-4FD1-AD23-0126C3855093}.Release|x86.Build.0 = Release|Win32
		{85DD4EFB-AC4B-40A4-AD77-FFC360C00000}.Debug|x64.ActiveCfg = Debug|x64
		{85DD4EFB-AC4B-40A4-AD77-FFC360C00000}.Debug|x64.Build.0 = Debug|x64
		{85DD4EFB-AC4B-40A4-AD77-FFC360C00000}.Debug|x86.ActiveCfg = Debug|Win32
		{85DD4EFB-AC4B-40A4-AD77-FFC360C00000}.Debug|x86.Build.0 = Debug|Win32
		{85DD4EFB-AC4B-40A4-AD77-FFC360C00000}.Release|x64.ActiveCfg = Release|x64
		{85DD4EFB-AC4B-40A4-AD77-FFC360C00000}.Release|x64.Build.0 = Release|x64
		{85DD4EFB-AC4B-40A4-AD77-FFC360C00000}.Release|x86.ActiveCfg = Release|Win32
		{85DD4EFB-AC4B-40A4-AD77-FFC360C00000}.Release|x86.Build.0 = Release|Win32
		{533BCD82-0F92-4DFB-8FE6-C84D306EC06A}.Debug|x64.ActiveCfg = Debug|x64
		{533BCD82-0F92-4DFB-8FE6-C84D306EC06A}.Debug|x64.Build.0 = Debug|x64
		{533BCD82-0F92-4DFB-8FE6-C84D306EC06A}.Debug|x86.ActiveCfg = Debug|Win32
		{533BCD82-0F92-4DFB-8FE6-C84D306EC06A}.Debug|x86.Build.0 = Debug|Win32
		{533BCD82-0F92-4DFB-8FE6-C84D306EC06A}.Release|x64.ActiveCfg = Release|x64
		{533BCD82-0F92-4DFB-8FE6-C84D306EC06A}.Release|x64.Build.0 = Release|x64
		{533BCD82-0F92-4DFB-8FE6-C84D306EC06A}.Release|x86.ActiveCfg = Release|Win32
		{533BCD82-0F92-4DFB-8FE6-C84D306EC06A}.Release|x86.Build.0 = Release|Win32
		{8BE274FA-B7E2-42B4-A265-0A96AFA4E5A4}.Debug|x64.ActiveCfg = Debug|x64
		{8BE274FA-B7E2-42B4-A265-0A96AFA4E5A4}.Debug|x64.Build.0 = Debug|x64
		{8BE274FA-B7E2-42B4-A265-0A96AFA4E5A4}.Debug|x86.ActiveCfg = Debug|Win32
		{8BE274FA-B7E2-42B4-A265-0A96AFA4E5A4}.Debug|x86.Build.0 = Debug|Win32
		{8BE274FA-B7E2-42B4-A265-0A96AFA4E5A4}.Release|x64.ActiveCfg = Release|x64
		{8BE274FA-B7E2-42B4-A265-0A96AFA4E5A4}.Release|x64.Build.0 = Release|x64
		{8BE274FA-B7E2-42B4-A265-0A96AFA4E5A4}.Release|x86.ActiveCfg = Release|Win32
		{8BE274FA-B7E2-42B4-A265-0A96AFA4E5A4}.Release|x86.Build.0 = Release|Win32
		{77D2B113-1231-4D58-AD0D-CEDF0298ABA7}.Debug|x64.ActiveCfg = Debug|x64
		{77D2B113-1231-4D58-AD0D-CEDF0298ABA7}.Debug|x64.Build.0 = Debug|x64
		{77D2B113-1231-4D58-AD0D-CEDF0298ABA7}.Debug|x86.ActiveCfg = Debug|Win32
		{77D2B113-1231-4D58-AD0D-CEDF0298ABA7}.Debug|x86.Build.0 = Debug|Win32
		{77D2B113-1231-4D58-AD0D-CEDF0298ABA7}.Release|x64.ActiveCfg = Release|x64
		{77D2B113-1231-4D58-AD0D-CEDF0298ABA7}.Release|x64.Build.0 = Release|x64
		{77D2B113-1231-4D58-AD0D-CEDF0298ABA7}.Release|x86.ActiveCfg = Release|Win32
		{77D2B113-1231-4D58-AD0D-CEDF0298ABA7}.Release|x86.Build.0 = Release|Win32
		{6B30EF21-FF5F-458C-AA8A-B44351E9F8C8}.Debug|x64.ActiveCfg = Debug|x64
		{6B30EF21-FF5F-458C-AA8A-B44351E9F8C8}.Debug|x64.Build.0 = Debug|x64
		{6B30EF21-FF5F-458C-AA8A-B44351E9F8C8}.Debug|x86.ActiveCfg = Debug|Win32
		{6B30EF21-FF5F-458C-AA8A-B44351E9F8C8}.Debug|x86.Build.0 = Debug|Win32
		{6B30EF21-FF5F-458C-AA8A-B44351E9F8C8}.Release|x64.ActiveCfg = Release|x64
		{6B30EF21-FF5F-458C-AA8A-B44351E9F8C8}.Release|x64.Build.0 = Release|x64
		{6B30EF21-FF5F-458C-AA8A-B44351E9F8C8}.Release|x86.ActiveCfg = Release|Win32
		{6B30EF21-FF5F-458C-AA8A-B44351E9F8C8}.Release|x86.Build.0 = Release|Win32
	EndGlobalSection
	GlobalSection(SolutionProperties) = preSolution
		HideSolutionNode = FALSE
	EndGlobalSection
	GlobalSection(ExtensibilityGlobals) = postSolution
		SolutionGuid = {FBC578C6-9D38-4039-9DAA-EC7A624A5281}
	EndGlobalSection
EndGlobal
